
Microsoft Visual Studio Solution File, Format Version 12.00
# Visual Studio Version 17
VisualStudioVersion = 17.13.35825.156 d17.13
MinimumVisualStudioVersion = 10.0.40219.1
Project("{FAE04EC0-301F-11D3-BF4B-00C04F79EFBC}") = "GestaoDeEquipamentos.ConsoleApp", "GestaoDeEquipamentos.ConsoleApp\GestaoDeEquipamentos.ConsoleApp.csproj", "{90FB4511-08CD-408C-BE97-56A1F6460EED}"
EndProject
Global
	GlobalSection(SolutionConfigurationPlatforms) = preSolution
		Debug|Any CPU = Debug|Any CPU
		Release|Any CPU = Release|Any CPU
	EndGlobalSection
	GlobalSection(ProjectConfigurationPlatforms) = postSolution
		{90FB4511-08CD-408C-BE97-56A1F6460EED}.Debug|Any CPU.ActiveCfg = Debug|Any CPU
		{90FB4511-08CD-408C-BE97-56A1F6460EED}.Debug|Any CPU.Build.0 = Debug|Any CPU
		{90FB4511-08CD-408C-BE97-56A1F6460EED}.Release|Any CPU.ActiveCfg = Release|Any CPU
		{90FB4511-08CD-408C-BE97-56A1F6460EED}.Release|Any CPU.Build.0 = Release|Any CPU
	EndGlobalSection
	GlobalSection(SolutionProperties) = preSolution
		HideSolutionNode = FALSE
	EndGlobalSection
	GlobalSection(ExtensibilityGlobals) = postSolution
		SolutionGuid = {5F9C0A0F-93CC-4C0B-93B7-0DCF01455DBF}
	EndGlobalSection
EndGlobal
